<?xml version="1.0" encoding="utf-8"?>
<Project ToolsVersion="4.0" xmlns="http://schemas.microsoft.com/developer/msbuild/2003">
  <ItemGroup>
    <Filter Include="Main">
      <UniqueIdentifier>{4FC737F1-C7A5-4376-A066-2A32D752A2FF}</UniqueIdentifier>
      <Extensions>cpp;c;cc;cxx;def;odl;idl;hpj;bat;asm;asmx</Extensions>
    </Filter>
    <Filter Include="Core Modules">
      <UniqueIdentifier>{72b85efa-930b-4213-a8ec-2f0f817410d1}</UniqueIdentifier>
    </Filter>
    <Filter Include="Utils">
      <UniqueIdentifier>{ad89cf24-f35e-4d0c-90e5-820c054c274d}</UniqueIdentifier>
    </Filter>
    <Filter Include="Primitives">
      <UniqueIdentifier>{d8b35203-f51d-4391-b2b1-58343213e696}</UniqueIdentifier>
    </Filter>
    <Filter Include="Models">
      <UniqueIdentifier>{6b231b50-09ac-48cb-b21c-f781016b19ec}</UniqueIdentifier>
    </Filter>
    <Filter Include="GameObjects">
      <UniqueIdentifier>{83c0a443-9a45-40bf-a582-d6bdde664e1f}</UniqueIdentifier>
    </Filter>
    <Filter Include="ImGui">
      <UniqueIdentifier>{a5be9ff8-32c0-4def-8822-5c95ecb94fd9}</UniqueIdentifier>
    </Filter>
    <Filter Include="GameObjectPrimitives">
      <UniqueIdentifier>{5261d9ef-582d-445e-b19c-a7fb910c8574}</UniqueIdentifier>
    </Filter>
  </ItemGroup>
  <ItemGroup>
    <ClInclude Include="src\Module.h">
      <Filter>Core Modules</Filter>
    </ClInclude>
    <ClInclude Include="src\ModuleAudio.h">
      <Filter>Core Modules</Filter>
    </ClInclude>
    <ClInclude Include="src\ModuleCollision.h">
      <Filter>Core Modules</Filter>
    </ClInclude>
    <ClInclude Include="src\ModuleFadeToBlack.h">
      <Filter>Core Modules</Filter>
    </ClInclude>
    <ClInclude Include="src\ModuleFonts.h">
      <Filter>Core Modules</Filter>
    </ClInclude>
    <ClInclude Include="src\ModuleInput.h">
      <Filter>Core Modules</Filter>
    </ClInclude>
    <ClInclude Include="src\ModuleParticles.h">
      <Filter>Core Modules</Filter>
    </ClInclude>
    <ClInclude Include="src\ModuleRender.h">
      <Filter>Core Modules</Filter>
    </ClInclude>
    <ClInclude Include="src\ModuleTextures.h">
      <Filter>Core Modules</Filter>
    </ClInclude>
    <ClInclude Include="src\ModuleTimer.h">
      <Filter>Core Modules</Filter>
    </ClInclude>
    <ClInclude Include="src\ModuleWindow.h">
      <Filter>Core Modules</Filter>
    </ClInclude>
    <ClInclude Include="src\Application.h">
      <Filter>Main</Filter>
    </ClInclude>
    <ClInclude Include="src\Globals.h">
      <Filter>Main</Filter>
    </ClInclude>
    <ClInclude Include="src\Animation.h">
      <Filter>Utils</Filter>
    </ClInclude>
    <ClInclude Include="src\MemLeaks.h">
      <Filter>Utils</Filter>
    </ClInclude>
    <ClInclude Include="src\Point.h">
      <Filter>Utils</Filter>
    </ClInclude>
    <ClInclude Include="3rdparty\parson\parson.h">
      <Filter>Utils</Filter>
    </ClInclude>
    <ClInclude Include="src\TimerMSec.h">
      <Filter>Utils</Filter>
    </ClInclude>
    <ClInclude Include="src\TimerUSec.h">
      <Filter>Utils</Filter>
    </ClInclude>
    <ClInclude Include="src\ModuleEditorCamera.h">
      <Filter>Core Modules</Filter>
    </ClInclude>
    <ClInclude Include="src\Primitive.h">
      <Filter>Primitives</Filter>
    </ClInclude>
    <ClInclude Include="src\SolidCube.h">
      <Filter>Primitives</Filter>
    </ClInclude>
    <ClInclude Include="src\Axis.h">
      <Filter>Primitives</Filter>
    </ClInclude>
    <ClInclude Include="src\Grid.h">
      <Filter>Primitives</Filter>
    </ClInclude>
    <ClInclude Include="src\SolidSphere.h">
      <Filter>Primitives</Filter>
    </ClInclude>
    <ClInclude Include="src\Model.h">
      <Filter>Models</Filter>
    </ClInclude>
    <ClInclude Include="src\PrimitiveManager.h">
      <Filter>Primitives</Filter>
    </ClInclude>
    <ClInclude Include="src\ModuleEditorGUI.h">
      <Filter>Core Modules</Filter>
    </ClInclude>
    <ClInclude Include="src\Mesh.h">
      <Filter>Models</Filter>
    </ClInclude>
    <ClInclude Include="src\Level.h">
      <Filter>Models</Filter>
    </ClInclude>
    <ClInclude Include="src\GameObject.h">
      <Filter>GameObjects</Filter>
    </ClInclude>
    <ClInclude Include="src\Component.h">
      <Filter>GameObjects</Filter>
    </ClInclude>
    <ClInclude Include="src\Material.h">
      <Filter>Models</Filter>
    </ClInclude>
    <ClInclude Include="src\ModuleScene.h">
      <Filter>Core Modules</Filter>
    </ClInclude>
    <ClInclude Include="src\ComponentTransform.h">
      <Filter>GameObjects</Filter>
    </ClInclude>
    <ClInclude Include="src\ComponentMesh.h">
      <Filter>GameObjects</Filter>
    </ClInclude>
    <ClInclude Include="src\ComponentMaterial.h">
      <Filter>GameObjects</Filter>
    </ClInclude>
    <ClInclude Include="src\ModuleAnimation.h">
      <Filter>Core Modules</Filter>
    </ClInclude>
    <ClInclude Include="src\ComponentAnimation.h">
      <Filter>GameObjects</Filter>
    </ClInclude>
    <ClInclude Include="src\ComponentCamera.h">
      <Filter>GameObjects</Filter>
    </ClInclude>
    <ClInclude Include="src\Quadtree.h">
      <Filter>Utils</Filter>
    </ClInclude>
    <ClInclude Include="src\CubePrimitive.h">
      <Filter>GameObjectPrimitives</Filter>
    </ClInclude>
    <ClInclude Include="src\BillboardGO.h">
      <Filter>Models</Filter>
    </ClInclude>
    <ClInclude Include="src\ParticleSystem.h">
      <Filter>GameObjects</Filter>
    </ClInclude>
    <ClInclude Include="src\ComponentBillboard.h">
      <Filter>GameObjects</Filter>
    </ClInclude>
  </ItemGroup>
  <ItemGroup>
    <ClCompile Include="src\ModuleAudio.cpp">
      <Filter>Core Modules</Filter>
    </ClCompile>
    <ClCompile Include="src\ModuleCollision.cpp">
      <Filter>Core Modules</Filter>
    </ClCompile>
    <ClCompile Include="src\ModuleFadeToBlack.cpp">
      <Filter>Core Modules</Filter>
    </ClCompile>
    <ClCompile Include="src\ModuleFonts.cpp">
      <Filter>Core Modules</Filter>
    </ClCompile>
    <ClCompile Include="src\ModuleInput.cpp">
      <Filter>Core Modules</Filter>
    </ClCompile>
    <ClCompile Include="src\ModuleParticles.cpp">
      <Filter>Core Modules</Filter>
    </ClCompile>
    <ClCompile Include="src\ModuleRender.cpp">
      <Filter>Core Modules</Filter>
    </ClCompile>
    <ClCompile Include="src\ModuleTextures.cpp">
      <Filter>Core Modules</Filter>
    </ClCompile>
    <ClCompile Include="src\ModuleTimer.cpp">
      <Filter>Core Modules</Filter>
    </ClCompile>
    <ClCompile Include="src\ModuleWindow.cpp">
      <Filter>Core Modules</Filter>
    </ClCompile>
    <ClCompile Include="src\Application.cpp">
      <Filter>Main</Filter>
    </ClCompile>
    <ClCompile Include="src\Main.cpp">
      <Filter>Main</Filter>
    </ClCompile>
    <ClCompile Include="src\Log.cpp">
      <Filter>Utils</Filter>
    </ClCompile>
    <ClCompile Include="3rdparty\parson\parson.c">
      <Filter>Utils</Filter>
    </ClCompile>
    <ClCompile Include="src\TimerUSec.cpp">
      <Filter>Utils</Filter>
    </ClCompile>
    <ClCompile Include="src\ModuleEditorCamera.cpp">
      <Filter>Core Modules</Filter>
    </ClCompile>
    <ClCompile Include="src\SolidCube.cpp">
      <Filter>Primitives</Filter>
    </ClCompile>
    <ClCompile Include="src\Axis.cpp">
      <Filter>Primitives</Filter>
    </ClCompile>
    <ClCompile Include="src\Grid.cpp">
      <Filter>Primitives</Filter>
    </ClCompile>
    <ClCompile Include="src\SolidSphere.cpp">
      <Filter>Primitives</Filter>
    </ClCompile>
    <ClCompile Include="src\Model.cpp">
      <Filter>Models</Filter>
    </ClCompile>
    <ClCompile Include="src\PrimitiveManager.cpp">
      <Filter>Primitives</Filter>
    </ClCompile>
    <ClCompile Include="3rdparty\ImGui\imgui.cpp">
      <Filter>ImGui</Filter>
    </ClCompile>
    <ClCompile Include="3rdparty\ImGui\imgui_demo.cpp">
      <Filter>ImGui</Filter>
    </ClCompile>
    <ClCompile Include="3rdparty\ImGui\imgui_draw.cpp">
      <Filter>ImGui</Filter>
    </ClCompile>
    <ClCompile Include="3rdparty\ImGui\imgui_impl_sdl_gl3.cpp">
      <Filter>ImGui</Filter>
    </ClCompile>
    <ClCompile Include="src\ModuleEditorGUI.cpp">
      <Filter>Core Modules</Filter>
    </ClCompile>
    <ClCompile Include="src\Mesh.cpp">
      <Filter>Models</Filter>
    </ClCompile>
    <ClCompile Include="src\Level.cpp">
      <Filter>Models</Filter>
    </ClCompile>
    <ClCompile Include="src\GameObject.cpp">
      <Filter>GameObjects</Filter>
    </ClCompile>
    <ClCompile Include="src\Component.cpp">
      <Filter>GameObjects</Filter>
    </ClCompile>
    <ClCompile Include="src\Material.cpp">
      <Filter>Models</Filter>
    </ClCompile>
    <ClCompile Include="src\ModuleScene.cpp">
      <Filter>Core Modules</Filter>
    </ClCompile>
    <ClCompile Include="src\ComponentTransform.cpp">
      <Filter>GameObjects</Filter>
    </ClCompile>
    <ClCompile Include="src\ComponentMesh.cpp">
      <Filter>GameObjects</Filter>
    </ClCompile>
    <ClCompile Include="src\ComponentMaterial.cpp">
      <Filter>GameObjects</Filter>
    </ClCompile>
    <ClCompile Include="src\ModuleAnimation.cpp">
      <Filter>Core Modules</Filter>
    </ClCompile>
    <ClCompile Include="src\ComponentAnimation.cpp">
      <Filter>GameObjects</Filter>
    </ClCompile>
    <ClCompile Include="src\ComponentCamera.cpp">
      <Filter>GameObjects</Filter>
    </ClCompile>
    <ClCompile Include="src\Quadtree.cpp">
      <Filter>Utils</Filter>
    </ClCompile>
    <ClCompile Include="src\CubePrimitive.cpp">
      <Filter>GameObjectPrimitives</Filter>
    </ClCompile>
    <ClCompile Include="src\BillboardGO.cpp">
      <Filter>Models</Filter>
    </ClCompile>
    <ClCompile Include="src\Billboard.h">
      <Filter>Utils</Filter>
    </ClCompile>
    <ClCompile Include="src\Billboard.cpp">
      <Filter>Utils</Filter>
    </ClCompile>
    <ClCompile Include="src\ParticleSystem.cpp">
      <Filter>GameObjects</Filter>
    </ClCompile>
    <ClCompile Include="src\ComponentBillboard.cpp">
      <Filter>GameObjects</Filter>
    </ClCompile>
  </ItemGroup>
</Project>