<?xml version="1.0" encoding="utf-8"?>
<Project ToolsVersion="4.0" xmlns="http://schemas.microsoft.com/developer/msbuild/2003">
  <ItemGroup>
    <Filter Include="Main">
      <UniqueIdentifier>{4FC737F1-C7A5-4376-A066-2A32D752A2FF}</UniqueIdentifier>
      <Extensions>cpp;c;cc;cxx;def;odl;idl;hpj;bat;asm;asmx</Extensions>
    </Filter>
    <Filter Include="Core Modules">
      <UniqueIdentifier>{72b85efa-930b-4213-a8ec-2f0f817410d1}</UniqueIdentifier>
    </Filter>
    <Filter Include="Utils">
      <UniqueIdentifier>{ad89cf24-f35e-4d0c-90e5-820c054c274d}</UniqueIdentifier>
    </Filter>
  </ItemGroup>
  <ItemGroup>
    <ClInclude Include="src\Module.h">
      <Filter>Core Modules</Filter>
    </ClInclude>
    <ClInclude Include="src\ModuleAudio.h">
      <Filter>Core Modules</Filter>
    </ClInclude>
    <ClInclude Include="src\ModuleCollision.h">
      <Filter>Core Modules</Filter>
    </ClInclude>
    <ClInclude Include="src\ModuleFadeToBlack.h">
      <Filter>Core Modules</Filter>
    </ClInclude>
    <ClInclude Include="src\ModuleFonts.h">
      <Filter>Core Modules</Filter>
    </ClInclude>
    <ClInclude Include="src\ModuleInput.h">
      <Filter>Core Modules</Filter>
    </ClInclude>
    <ClInclude Include="src\ModuleParticles.h">
      <Filter>Core Modules</Filter>
    </ClInclude>
    <ClInclude Include="src\ModuleRender.h">
      <Filter>Core Modules</Filter>
    </ClInclude>
    <ClInclude Include="src\ModuleTextures.h">
      <Filter>Core Modules</Filter>
    </ClInclude>
    <ClInclude Include="src\ModuleTimer.h">
      <Filter>Core Modules</Filter>
    </ClInclude>
    <ClInclude Include="src\ModuleWindow.h">
      <Filter>Core Modules</Filter>
    </ClInclude>
    <ClInclude Include="src\Application.h">
      <Filter>Main</Filter>
    </ClInclude>
    <ClInclude Include="src\Globals.h">
      <Filter>Main</Filter>
    </ClInclude>
    <ClInclude Include="src\Animation.h">
      <Filter>Utils</Filter>
    </ClInclude>
    <ClInclude Include="src\MemLeaks.h">
      <Filter>Utils</Filter>
    </ClInclude>
    <ClInclude Include="src\Point.h">
      <Filter>Utils</Filter>
    </ClInclude>
    <ClInclude Include="3rdparty\parson\parson.h">
      <Filter>Utils</Filter>
    </ClInclude>
    <ClInclude Include="src\TimerMSec.h">
      <Filter>Utils</Filter>
    </ClInclude>
    <ClInclude Include="src\TimerUSec.h">
      <Filter>Utils</Filter>
    </ClInclude>
  </ItemGroup>
  <ItemGroup>
    <ClCompile Include="src\ModuleAudio.cpp">
      <Filter>Core Modules</Filter>
    </ClCompile>
    <ClCompile Include="src\ModuleCollision.cpp">
      <Filter>Core Modules</Filter>
    </ClCompile>
    <ClCompile Include="src\ModuleFadeToBlack.cpp">
      <Filter>Core Modules</Filter>
    </ClCompile>
    <ClCompile Include="src\ModuleFonts.cpp">
      <Filter>Core Modules</Filter>
    </ClCompile>
    <ClCompile Include="src\ModuleInput.cpp">
      <Filter>Core Modules</Filter>
    </ClCompile>
    <ClCompile Include="src\ModuleParticles.cpp">
      <Filter>Core Modules</Filter>
    </ClCompile>
    <ClCompile Include="src\ModuleRender.cpp">
      <Filter>Core Modules</Filter>
    </ClCompile>
    <ClCompile Include="src\ModuleTextures.cpp">
      <Filter>Core Modules</Filter>
    </ClCompile>
    <ClCompile Include="src\ModuleTimer.cpp">
      <Filter>Core Modules</Filter>
    </ClCompile>
    <ClCompile Include="src\ModuleWindow.cpp">
      <Filter>Core Modules</Filter>
    </ClCompile>
    <ClCompile Include="src\Application.cpp">
      <Filter>Main</Filter>
    </ClCompile>
    <ClCompile Include="src\Main.cpp">
      <Filter>Main</Filter>
    </ClCompile>
    <ClCompile Include="src\Log.cpp">
      <Filter>Utils</Filter>
    </ClCompile>
    <ClCompile Include="3rdparty\parson\parson.c">
      <Filter>Utils</Filter>
    </ClCompile>
    <ClCompile Include="src\TimerUSec.cpp">
      <Filter>Utils</Filter>
    </ClCompile>
  </ItemGroup>
</Project>